
Microsoft Visual Studio Solution File, Format Version 12.00
# Visual Studio Version 16
VisualStudioVersion = 16.0.28803.156
MinimumVisualStudioVersion = 10.0.40219.1
Project("{FAE04EC0-301F-11D3-BF4B-00C04F79EFBC}") = "EFCore.DataInitializer", "EFCore.DataInitializer\EFCore.DataInitializer.csproj", "{913FF2A8-CF87-4BE0-9206-C6E690D4312C}"
EndProject
Global
	GlobalSection(SolutionConfigurationPlatforms) = preSolution
		Debug|Any CPU = Debug|Any CPU
		Release|Any CPU = Release|Any CPU
	EndGlobalSection
	GlobalSection(ProjectConfigurationPlatforms) = postSolution
		{913FF2A8-CF87-4BE0-9206-C6E690D4312C}.Debug|Any CPU.ActiveCfg = Debug|Any CPU
		{913FF2A8-CF87-4BE0-9206-C6E690D4312C}.Debug|Any CPU.Build.0 = Debug|Any CPU
		{913FF2A8-CF87-4BE0-9206-C6E690D4312C}.Release|Any CPU.ActiveCfg = Release|Any CPU
		{913FF2A8-CF87-4BE0-9206-C6E690D4312C}.Release|Any CPU.Build.0 = Release|Any CPU
	EndGlobalSection
	GlobalSection(SolutionProperties) = preSolution
		HideSolutionNode = FALSE
	EndGlobalSection
	GlobalSection(ExtensibilityGlobals) = postSolution
		SolutionGuid = {70C8C7CB-22C8-4000-B4B4-E7D2EAD38F93}
	EndGlobalSection
EndGlobal
